
Microsoft Visual Studio Solution File, Format Version 12.00
# Visual Studio Version 17
VisualStudioVersion = 17.0.31903.59
MinimumVisualStudioVersion = 10.0.40219.1
Project("{2150E333-8FDC-42A3-9474-1A3956D46DE8}") = "src", "src", "{552D68C7-75D5-48BE-A5E1-239B925A5CA3}"
EndProject
Project("{9A19103F-16F7-4668-BE54-9A1E7A4F7556}") = "AuctionService", "src\AuctionService\AuctionService.csproj", "{BC81AAC3-5C79-4518-8B71-89BEB59C647F}"
EndProject
Project("{2150E333-8FDC-42A3-9474-1A3956D46DE8}") = "Solution Items", "Solution Items", "{A16D9CEA-B312-4C6C-9ADB-8D9D92667B3B}"
	ProjectSection(SolutionItems) = preProject
		docker-compose.yml = docker-compose.yml
	EndProjectSection
EndProject
Project("{FAE04EC0-301F-11D3-BF4B-00C04F79EFBC}") = "SearchService", "src\SearchService\SearchService.csproj", "{57262D07-ADAB-4C21-A4DF-E1089584F6D9}"
EndProject
Project("{FAE04EC0-301F-11D3-BF4B-00C04F79EFBC}") = "Contracts", "src\Contracts\Contracts.csproj", "{15821565-AE5E-4E9F-8D8A-F4035E8E275B}"
EndProject
Global
	GlobalSection(SolutionConfigurationPlatforms) = preSolution
		Debug|Any CPU = Debug|Any CPU
		Release|Any CPU = Release|Any CPU
	EndGlobalSection
	GlobalSection(ProjectConfigurationPlatforms) = postSolution
		{BC81AAC3-5C79-4518-8B71-89BEB59C647F}.Debug|Any CPU.ActiveCfg = Debug|Any CPU
		{BC81AAC3-5C79-4518-8B71-89BEB59C647F}.Debug|Any CPU.Build.0 = Debug|Any CPU
		{BC81AAC3-5C79-4518-8B71-89BEB59C647F}.Release|Any CPU.ActiveCfg = Release|Any CPU
		{BC81AAC3-5C79-4518-8B71-89BEB59C647F}.Release|Any CPU.Build.0 = Release|Any CPU
		{57262D07-ADAB-4C21-A4DF-E1089584F6D9}.Debug|Any CPU.ActiveCfg = Debug|Any CPU
		{57262D07-ADAB-4C21-A4DF-E1089584F6D9}.Debug|Any CPU.Build.0 = Debug|Any CPU
		{57262D07-ADAB-4C21-A4DF-E1089584F6D9}.Release|Any CPU.ActiveCfg = Release|Any CPU
		{57262D07-ADAB-4C21-A4DF-E1089584F6D9}.Release|Any CPU.Build.0 = Release|Any CPU
		{15821565-AE5E-4E9F-8D8A-F4035E8E275B}.Debug|Any CPU.ActiveCfg = Debug|Any CPU
		{15821565-AE5E-4E9F-8D8A-F4035E8E275B}.Debug|Any CPU.Build.0 = Debug|Any CPU
		{15821565-AE5E-4E9F-8D8A-F4035E8E275B}.Release|Any CPU.ActiveCfg = Release|Any CPU
		{15821565-AE5E-4E9F-8D8A-F4035E8E275B}.Release|Any CPU.Build.0 = Release|Any CPU
	EndGlobalSection
	GlobalSection(SolutionProperties) = preSolution
		HideSolutionNode = FALSE
	EndGlobalSection
	GlobalSection(NestedProjects) = preSolution
		{BC81AAC3-5C79-4518-8B71-89BEB59C647F} = {552D68C7-75D5-48BE-A5E1-239B925A5CA3}
		{57262D07-ADAB-4C21-A4DF-E1089584F6D9} = {552D68C7-75D5-48BE-A5E1-239B925A5CA3}
		{15821565-AE5E-4E9F-8D8A-F4035E8E275B} = {552D68C7-75D5-48BE-A5E1-239B925A5CA3}
	EndGlobalSection
	GlobalSection(ExtensibilityGlobals) = postSolution
		SolutionGuid = {FE839D89-0C68-412A-AAE1-977507321BED}
	EndGlobalSection
EndGlobal
